
Microsoft Visual Studio Solution File, Format Version 11.00
# Visual Studio 2010
Project("{FAE04EC0-301F-11D3-BF4B-00C04F79EFBC}") = "BulkCopyTest", "BulkCopyTest\BulkCopyTest.csproj", "{35F84BF8-C8AA-4934-819C-D6D112E4D79B}"
EndProject
Project("{2150E333-8FDC-42A3-9474-1A3956D46DE8}") = "Solution Items", "Solution Items", "{2887E1B1-BF65-4713-81FE-ECF5EC7D48D6}"
	ProjectSection(SolutionItems) = preProject
		BulkCopyTest.vsmdi = BulkCopyTest.vsmdi
		Local.testsettings = Local.testsettings
		TraceAndTestImpact.testsettings = TraceAndTestImpact.testsettings
	EndProjectSection
EndProject
Project("{FAE04EC0-301F-11D3-BF4B-00C04F79EFBC}") = "BulkCopy", "BulkCopy\BulkCopy.csproj", "{0889DD99-DCF4-4001-AF42-4F9007CFEECB}"
EndProject
Global
	GlobalSection(TestCaseManagementSettings) = postSolution
		CategoryFile = BulkCopyTest.vsmdi
	EndGlobalSection
	GlobalSection(SolutionConfigurationPlatforms) = preSolution
		Debug|Any CPU = Debug|Any CPU
		Release|Any CPU = Release|Any CPU
	EndGlobalSection
	GlobalSection(ProjectConfigurationPlatforms) = postSolution
		{35F84BF8-C8AA-4934-819C-D6D112E4D79B}.Debug|Any CPU.ActiveCfg = Debug|Any CPU
		{35F84BF8-C8AA-4934-819C-D6D112E4D79B}.Debug|Any CPU.Build.0 = Debug|Any CPU
		{35F84BF8-C8AA-4934-819C-D6D112E4D79B}.Release|Any CPU.ActiveCfg = Release|Any CPU
		{35F84BF8-C8AA-4934-819C-D6D112E4D79B}.Release|Any CPU.Build.0 = Release|Any CPU
		{0889DD99-DCF4-4001-AF42-4F9007CFEECB}.Debug|Any CPU.ActiveCfg = Debug|Any CPU
		{0889DD99-DCF4-4001-AF42-4F9007CFEECB}.Debug|Any CPU.Build.0 = Debug|Any CPU
		{0889DD99-DCF4-4001-AF42-4F9007CFEECB}.Release|Any CPU.ActiveCfg = Release|Any CPU
		{0889DD99-DCF4-4001-AF42-4F9007CFEECB}.Release|Any CPU.Build.0 = Release|Any CPU
	EndGlobalSection
	GlobalSection(SolutionProperties) = preSolution
		HideSolutionNode = FALSE
	EndGlobalSection
EndGlobal
